
Microsoft Visual Studio Solution File, Format Version 12.00
# Visual Studio Version 17
VisualStudioVersion = 17.1.32414.318
MinimumVisualStudioVersion = 10.0.40219.1
Project("{9A19103F-16F7-4668-BE54-9A1E7A4F7556}") = "VolumeViewer", "VolumeViewer\VolumeViewer.csproj", "{7F2C26AA-4FB9-414F-9910-B6E54883D88A}"
EndProject
Global
	GlobalSection(SolutionConfigurationPlatforms) = preSolution
		Debug|Any CPU = Debug|Any CPU
		Release|Any CPU = Release|Any CPU
	EndGlobalSection
	GlobalSection(ProjectConfigurationPlatforms) = postSolution
		{7F2C26AA-4FB9-414F-9910-B6E54883D88A}.Debug|Any CPU.ActiveCfg = Debug|Any CPU
		{7F2C26AA-4FB9-414F-9910-B6E54883D88A}.Debug|Any CPU.Build.0 = Debug|Any CPU
		{7F2C26AA-4FB9-414F-9910-B6E54883D88A}.Release|Any CPU.ActiveCfg = Release|Any CPU
		{7F2C26AA-4FB9-414F-9910-B6E54883D88A}.Release|Any CPU.Build.0 = Release|Any CPU
	EndGlobalSection
	GlobalSection(SolutionProperties) = preSolution
		HideSolutionNode = FALSE
	EndGlobalSection
	GlobalSection(ExtensibilityGlobals) = postSolution
		SolutionGuid = {889FF169-39A6-4C94-BA1A-F8EEFF2082D1}
	EndGlobalSection
EndGlobal
